
Microsoft Visual Studio Solution File, Format Version 12.00
# Visual Studio 14
VisualStudioVersion = 14.0.25420.1
MinimumVisualStudioVersion = 10.0.40219.1
Project("{FAE04EC0-301F-11D3-BF4B-00C04F79EFBC}") = "MemDumpBrowser", "MemDumpBrowser\MemDumpBrowser.csproj", "{CDA4F7B8-E27E-428F-876B-3C6855370AC6}"
EndProject
Project("{FAE04EC0-301F-11D3-BF4B-00C04F79EFBC}") = "MDExportObjects", "MDExportObjects\MDExportObjects.csproj", "{0D6867F7-95E0-436C-8801-1556B5AFFBA9}"
EndProject
Project("{FAE04EC0-301F-11D3-BF4B-00C04F79EFBC}") = "SampleProject", "SampleProject\SampleProject.csproj", "{EAA5B521-7B4B-451A-98B0-EE111218985A}"
EndProject
Project("{FAE04EC0-301F-11D3-BF4B-00C04F79EFBC}") = "MDFindString", "MDFindString\MDFindString.csproj", "{617359BD-5FBA-41CE-89F2-C7DDDB21DA07}"
EndProject
Project("{FAE04EC0-301F-11D3-BF4B-00C04F79EFBC}") = "MDExportObjects.Tests", "MDExportObjects.Tests\MDExportObjects.Tests.csproj", "{165265D2-E3B4-4CD7-9F31-CBE3400C0F53}"
EndProject
Global
	GlobalSection(SolutionConfigurationPlatforms) = preSolution
		Debug|Any CPU = Debug|Any CPU
		Release|Any CPU = Release|Any CPU
	EndGlobalSection
	GlobalSection(ProjectConfigurationPlatforms) = postSolution
		{CDA4F7B8-E27E-428F-876B-3C6855370AC6}.Debug|Any CPU.ActiveCfg = Debug|Any CPU
		{CDA4F7B8-E27E-428F-876B-3C6855370AC6}.Debug|Any CPU.Build.0 = Debug|Any CPU
		{CDA4F7B8-E27E-428F-876B-3C6855370AC6}.Release|Any CPU.ActiveCfg = Release|Any CPU
		{CDA4F7B8-E27E-428F-876B-3C6855370AC6}.Release|Any CPU.Build.0 = Release|Any CPU
		{0D6867F7-95E0-436C-8801-1556B5AFFBA9}.Debug|Any CPU.ActiveCfg = Debug|Any CPU
		{0D6867F7-95E0-436C-8801-1556B5AFFBA9}.Debug|Any CPU.Build.0 = Debug|Any CPU
		{0D6867F7-95E0-436C-8801-1556B5AFFBA9}.Release|Any CPU.ActiveCfg = Release|Any CPU
		{0D6867F7-95E0-436C-8801-1556B5AFFBA9}.Release|Any CPU.Build.0 = Release|Any CPU
		{EAA5B521-7B4B-451A-98B0-EE111218985A}.Debug|Any CPU.ActiveCfg = Debug|Any CPU
		{EAA5B521-7B4B-451A-98B0-EE111218985A}.Debug|Any CPU.Build.0 = Debug|Any CPU
		{EAA5B521-7B4B-451A-98B0-EE111218985A}.Release|Any CPU.ActiveCfg = Release|Any CPU
		{EAA5B521-7B4B-451A-98B0-EE111218985A}.Release|Any CPU.Build.0 = Release|Any CPU
		{617359BD-5FBA-41CE-89F2-C7DDDB21DA07}.Debug|Any CPU.ActiveCfg = Debug|Any CPU
		{617359BD-5FBA-41CE-89F2-C7DDDB21DA07}.Debug|Any CPU.Build.0 = Debug|Any CPU
		{617359BD-5FBA-41CE-89F2-C7DDDB21DA07}.Release|Any CPU.ActiveCfg = Release|Any CPU
		{617359BD-5FBA-41CE-89F2-C7DDDB21DA07}.Release|Any CPU.Build.0 = Release|Any CPU
		{165265D2-E3B4-4CD7-9F31-CBE3400C0F53}.Debug|Any CPU.ActiveCfg = Debug|Any CPU
		{165265D2-E3B4-4CD7-9F31-CBE3400C0F53}.Debug|Any CPU.Build.0 = Debug|Any CPU
		{165265D2-E3B4-4CD7-9F31-CBE3400C0F53}.Release|Any CPU.ActiveCfg = Release|Any CPU
		{165265D2-E3B4-4CD7-9F31-CBE3400C0F53}.Release|Any CPU.Build.0 = Release|Any CPU
	EndGlobalSection
	GlobalSection(SolutionProperties) = preSolution
		HideSolutionNode = FALSE
	EndGlobalSection
EndGlobal
